# This file is generated by running "yarn install" inside your project.
# Manual changes might be lost - proceed with caution!

__metadata:
  version: 8
  cacheKey: 10c0

"@babel/runtime@npm:^7.9.2":
  version: 7.23.2
  resolution: "@babel/runtime@npm:7.23.2"
  dependencies:
    regenerator-runtime: "npm:^0.14.0"
  checksum: 271fcfad8574269d9967b8a1c03f2e1eab108a52ad7c96ed136eee0b11f46156f1186637bd5e79a4207163db9a00413cd70a6428e137b982d0ee8ab85eb9f438
  languageName: node
  linkType: hard

"@reduxjs/toolkit@npm:^1.9.7":
  version: 1.9.7
  resolution: "@reduxjs/toolkit@npm:1.9.7"
  dependencies:
    immer: "npm:^9.0.21"
    redux: "npm:^4.2.1"
    redux-thunk: "npm:^2.4.2"
    reselect: "npm:^4.1.8"
  peerDependencies:
    react: ^16.9.0 || ^17.0.0 || ^18
    react-redux: ^7.2.1 || ^8.0.2
  peerDependenciesMeta:
    react:
      optional: true
    react-redux:
      optional: true
  checksum: fa0aa4b7c6973ac87ce0ac7e45faa02c73b66c4ee0bc950d178494539a42a1bb908d109297102458b7ea14d5e7dae356e7a7ce9a1b9849b0e8451e6dd70fca9c
  languageName: node
  linkType: hard

"immer@npm:^9.0.21":
  version: 9.0.21
  resolution: "immer@npm:9.0.21"
  checksum: 03ea3ed5d4d72e8bd428df4a38ad7e483ea8308e9a113d3b42e0ea2cc0cc38340eb0a6aca69592abbbf047c685dbda04e3d34bf2ff438ab57339ed0a34cc0a05
  languageName: node
  linkType: hard

"mike-effect@workspace:.":
  version: 0.0.0-use.local
  resolution: "mike-effect@workspace:."
  dependencies:
    "@reduxjs/toolkit": "npm:^1.9.7"
    redux: "npm:^4.2.1"
    typescript: "npm:^5.2.2"
  languageName: unknown
  linkType: soft

"redux-thunk@npm:^2.4.2":
  version: 2.4.2
  resolution: "redux-thunk@npm:2.4.2"
  peerDependencies:
    redux: ^4
  checksum: e202d6ef7dfa7df08ed24cb221aa89d6c84dbaa7d65fe90dbd8e826d0c10d801f48388f9a7598a4fd970ecbc93d335014570a61ca7bc8bf569eab5de77b31a3c
  languageName: node
  linkType: hard

"redux@npm:^4.2.1":
  version: 4.2.1
  resolution: "redux@npm:4.2.1"
  dependencies:
    "@babel/runtime": "npm:^7.9.2"
  checksum: 136d98b3d5dbed1cd6279c8c18a6a74c416db98b8a432a46836bdd668475de6279a2d4fd9d1363f63904e00f0678a8a3e7fa532c897163340baf1e71bb42c742
  languageName: node
  linkType: hard

"regenerator-runtime@npm:^0.14.0":
  version: 0.14.0
  resolution: "regenerator-runtime@npm:0.14.0"
  checksum: e25f062c1a183f81c99681691a342760e65c55e8d3a4d4fe347ebe72433b123754b942b70b622959894e11f8a9131dc549bd3c9a5234677db06a4af42add8d12
  languageName: node
  linkType: hard

"reselect@npm:^4.1.8":
  version: 4.1.8
  resolution: "reselect@npm:4.1.8"
  checksum: 06a305a504affcbb67dd0561ddc8306b35796199c7e15b38934c80606938a021eadcf68cfd58e7bb5e17786601c37602a3362a4665c7bf0a96c1041ceee9d0b7
  languageName: node
  linkType: hard

"typescript@npm:^5.2.2":
  version: 5.2.2
  resolution: "typescript@npm:5.2.2"
  bin:
    tsc: bin/tsc
    tsserver: bin/tsserver
  checksum: 91ae3e6193d0ddb8656d4c418a033f0f75dec5e077ebbc2bd6d76439b93f35683936ee1bdc0e9cf94ec76863aa49f27159b5788219b50e1cd0cd6d110aa34b07
  languageName: node
  linkType: hard

"typescript@patch:typescript@npm%3A^5.2.2#optional!builtin<compat/typescript>":
  version: 5.2.2
  resolution: "typescript@patch:typescript@npm%3A5.2.2#optional!builtin<compat/typescript>::version=5.2.2&hash=f3b441"
  bin:
    tsc: bin/tsc
    tsserver: bin/tsserver
  checksum: 062c1cee1990e6b9419ce8a55162b8dc917eb87f807e4de0327dbc1c2fa4e5f61bc0dd4e034d38ff541d1ed0479b53bcee8e4de3a4075c51a1724eb6216cb6f5
  languageName: node
  linkType: hard
